// !$*UTF8*$!
{
	archiveVersion = 1;
	classes = {
	};
	objectVersion = 46;
	objects = {

/* Begin PBXFileReference section */
		690E9C321EB3FA9400326680 /* test.py */ = {isa = PBXFileReference; fileEncoding = 4; lastKnownFileType = text.script.python; path = test.py; sourceTree = "<group>"; };
		690E9C341EB4044F00326680 /* pylintrc */ = {isa = PBXFileReference; lastKnownFileType = text; path = pylintrc; sourceTree = "<group>"; };
		69D9D8DE22170A5300DDCD7D /* lagTestWebNett.py */ = {isa = PBXFileReference; lastKnownFileType = text.script.python; path = lagTestWebNett.py; sourceTree = "<group>"; };
		69D9D8DF22170A5400DDCD7D /* dlsExt_test.py */ = {isa = PBXFileReference; lastKnownFileType = text.script.python; path = dlsExt_test.py; sourceTree = "<group>"; };
		69D9D8E122170A5400DDCD7D /* felles.py */ = {isa = PBXFileReference; lastKnownFileType = text.script.python; path = felles.py; sourceTree = "<group>"; };
		69D9D8E222170A5400DDCD7D /* item.xml */ = {isa = PBXFileReference; lastKnownFileType = text.xml; path = item.xml; sourceTree = "<group>"; };
		69D9D8E322170A5400DDCD7D /* item3.xml */ = {isa = PBXFileReference; lastKnownFileType = text.xml; path = item3.xml; sourceTree = "<group>"; };
		69D9D8E422170A5400DDCD7D /* roller.py */ = {isa = PBXFileReference; lastKnownFileType = text.script.python; path = roller.py; sourceTree = "<group>"; };
		69D9D8E522170A5400DDCD7D /* ut_gluon2.py */ = {isa = PBXFileReference; lastKnownFileType = text.script.python; path = ut_gluon2.py; sourceTree = "<group>"; };
		69D9D8E622170A5400DDCD7D /* spillUtBreaking.py */ = {isa = PBXFileReference; lastKnownFileType = text.script.python; path = spillUtBreaking.py; sourceTree = "<group>"; };
		69D9D8E722170A5400DDCD7D /* winmediaDr.py */ = {isa = PBXFileReference; lastKnownFileType = text.script.python; path = winmediaDr.py; sourceTree = "<group>"; };
		69D9D8E922170A5500DDCD7D /* MDWdump.py */ = {isa = PBXFileReference; lastKnownFileType = text.script.python; path = MDWdump.py; sourceTree = "<group>"; };
		69D9D8EA22170A5500DDCD7D /* digasEkstra.py */ = {isa = PBXFileReference; lastKnownFileType = text.script.python; path = digasEkstra.py; sourceTree = "<group>"; };
		69D9D8EE22170A5500DDCD7D /* annonser.py */ = {isa = PBXFileReference; fileEncoding = 4; lastKnownFileType = text.script.python; path = annonser.py; sourceTree = "<group>"; };
		69D9D8F122170A5500DDCD7D /* lagTestWeb.py */ = {isa = PBXFileReference; lastKnownFileType = text.script.python; path = lagTestWeb.py; sourceTree = "<group>"; };
		69D9D8F322170A5500DDCD7D /* sendTilHiof.py */ = {isa = PBXFileReference; lastKnownFileType = text.script.python; path = sendTilHiof.py; sourceTree = "<group>"; };
		69D9D8F422170A5500DDCD7D /* sendTilDab.py */ = {isa = PBXFileReference; lastKnownFileType = text.script.python; path = sendTilDab.py; sourceTree = "<group>"; };
		69D9D8F522170A5600DDCD7D /* dlsInt.py */ = {isa = PBXFileReference; lastKnownFileType = text.script.python; path = dlsInt.py; sourceTree = "<group>"; };
		69D9D8F622170A5600DDCD7D /* iteminfo.py */ = {isa = PBXFileReference; lastKnownFileType = text.script.python; path = iteminfo.py; sourceTree = "<group>"; };
		69D9D8F822170A5600DDCD7D /* mot.py */ = {isa = PBXFileReference; lastKnownFileType = text.script.python; path = mot.py; sourceTree = "<group>"; };
		69D9D8F922170A5600DDCD7D /* gluonspin.py */ = {isa = PBXFileReference; lastKnownFileType = text.script.python; path = gluonspin.py; sourceTree = "<group>"; };
		69D9D8FB22170A5600DDCD7D /* dlsExt.py */ = {isa = PBXFileReference; fileEncoding = 4; lastKnownFileType = text.script.python; path = dlsExt.py; sourceTree = "<group>"; };
		69D9D8FC22170A5600DDCD7D /* mmt.py */ = {isa = PBXFileReference; lastKnownFileType = text.script.python; path = mmt.py; sourceTree = "<group>"; };
		69D9D8FE22170A5700DDCD7D /* item2.xml */ = {isa = PBXFileReference; lastKnownFileType = text.xml; path = item2.xml; sourceTree = "<group>"; };
		69D9D8FF22170A5700DDCD7D /* gluoncommons.py */ = {isa = PBXFileReference; lastKnownFileType = text.script.python; path = gluoncommons.py; sourceTree = "<group>"; };
		69D9D90322170A5800DDCD7D /* dbConn.py */ = {isa = PBXFileReference; lastKnownFileType = text.script.python; path = dbConn.py; sourceTree = "<group>"; };
		69D9D90422170A5800DDCD7D /* dab.py */ = {isa = PBXFileReference; fileEncoding = 4; lastKnownFileType = text.script.python; path = dab.py; sourceTree = "<group>"; };
		69D9D90522170A5800DDCD7D /* sender_lokal.py */ = {isa = PBXFileReference; lastKnownFileType = text.script.python; path = sender_lokal.py; sourceTree = "<group>"; };
		69D9D90622170A5800DDCD7D /* result.py */ = {isa = PBXFileReference; lastKnownFileType = text.script.python; path = result.py; sourceTree = "<group>"; };
		69D9D90922170A5900DDCD7D /* sendTilServer.py */ = {isa = PBXFileReference; lastKnownFileType = text.script.python; path = sendTilServer.py; sourceTree = "<group>"; };
		69D9D90B22170A5900DDCD7D /* dabfilter.py */ = {isa = PBXFileReference; lastKnownFileType = text.script.python; path = dabfilter.py; sourceTree = "<group>"; };
		69D9D90C22170A5900DDCD7D /* utGluon2exp.py */ = {isa = PBXFileReference; lastKnownFileType = text.script.python; path = utGluon2exp.py; sourceTree = "<group>"; };
/* End PBXFileReference section */

/* Begin PBXGroup section */
		690E9C271EB3995A00326680 = {
			isa = PBXGroup;
			children = (
				690E9C321EB3FA9400326680 /* test.py */,
				690E9C341EB4044F00326680 /* pylintrc */,
				69D9D8EE22170A5500DDCD7D /* annonser.py */,
				69D9D90422170A5800DDCD7D /* dab.py */,
				69D9D90B22170A5900DDCD7D /* dabfilter.py */,
				69D9D90322170A5800DDCD7D /* dbConn.py */,
				69D9D8EA22170A5500DDCD7D /* digasEkstra.py */,
				69D9D8DF22170A5400DDCD7D /* dlsExt_test.py */,
				69D9D8FB22170A5600DDCD7D /* dlsExt.py */,
				69D9D8F522170A5600DDCD7D /* dlsInt.py */,
				69D9D8E122170A5400DDCD7D /* felles.py */,
				69D9D8FF22170A5700DDCD7D /* gluoncommons.py */,
				69D9D8F922170A5600DDCD7D /* gluonspin.py */,
				69D9D90E221804B700DDCD7D /* Eksempelfiler */,
				69D9D8F622170A5600DDCD7D /* iteminfo.py */,
				69D9D8F122170A5500DDCD7D /* lagTestWeb.py */,
				69D9D8DE22170A5300DDCD7D /* lagTestWebNett.py */,
				69D9D8E922170A5500DDCD7D /* MDWdump.py */,
				69D9D8FC22170A5600DDCD7D /* mmt.py */,
				69D9D8F822170A5600DDCD7D /* mot.py */,
				69D9D90622170A5800DDCD7D /* result.py */,
				69D9D8E422170A5400DDCD7D /* roller.py */,
				69D9D90522170A5800DDCD7D /* sender_lokal.py */,
				69D9D8F422170A5500DDCD7D /* sendTilDab.py */,
				69D9D8F322170A5500DDCD7D /* sendTilHiof.py */,
				69D9D90922170A5900DDCD7D /* sendTilServer.py */,
				69D9D8E622170A5400DDCD7D /* spillUtBreaking.py */,
				69D9D8E522170A5400DDCD7D /* ut_gluon2.py */,
				69D9D90C22170A5900DDCD7D /* utGluon2exp.py */,
				69D9D8E722170A5400DDCD7D /* winmediaDr.py */,
			);
			sourceTree = "<group>";
		};
		69D9D90E221804B700DDCD7D /* Eksempelfiler */ = {
			isa = PBXGroup;
			children = (
				69D9D8E222170A5400DDCD7D /* item.xml */,
				69D9D8FE22170A5700DDCD7D /* item2.xml */,
				69D9D8E322170A5400DDCD7D /* item3.xml */,
			);
			path = Eksempelfiler;
			sourceTree = "<group>";
		};
/* End PBXGroup section */

/* Begin PBXLegacyTarget section */
		690E9C2C1EB3995A00326680 /* MDW2 */ = {
			isa = PBXLegacyTarget;
			buildArgumentsString = "$(ACTION)";
			buildConfigurationList = 690E9C2F1EB3995A00326680 /* Build configuration list for PBXLegacyTarget "MDW2" */;
			buildPhases = (
			);
			buildToolPath = /opt/local/bin/python3;
			buildWorkingDirectory = "";
			dependencies = (
			);
			name = MDW2;
			passBuildSettingsInEnvironment = 1;
			productName = MDW2;
		};
/* End PBXLegacyTarget section */

/* Begin PBXProject section */
		690E9C281EB3995A00326680 /* Project object */ = {
			isa = PBXProject;
			attributes = {
				LastUpgradeCheck = 1010;
				ORGANIZATIONNAME = "Tormod Værvågen";
				TargetAttributes = {
					690E9C2C1EB3995A00326680 = {
						CreatedOnToolsVersion = 8.2.1;
						ProvisioningStyle = Automatic;
					};
				};
			};
			buildConfigurationList = 690E9C2B1EB3995A00326680 /* Build configuration list for PBXProject "MDW2" */;
			compatibilityVersion = "Xcode 3.2";
			developmentRegion = English;
			hasScannedForEncodings = 0;
			knownRegions = (
				en,
			);
			mainGroup = 690E9C271EB3995A00326680;
			projectDirPath = "";
			projectRoot = "";
			targets = (
				690E9C2C1EB3995A00326680 /* MDW2 */,
			);
		};
/* End PBXProject section */

/* Begin XCBuildConfiguration section */
		690E9C2D1EB3995A00326680 /* Debug */ = {
			isa = XCBuildConfiguration;
			buildSettings = {
				ALWAYS_SEARCH_USER_PATHS = NO;
				CLANG_ANALYZER_NONNULL = YES;
				CLANG_CXX_LANGUAGE_STANDARD = "gnu++0x";
				CLANG_CXX_LIBRARY = "libc++";
				CLANG_ENABLE_MODULES = YES;
				CLANG_ENABLE_OBJC_ARC = YES;
				CLANG_WARN_BLOCK_CAPTURE_AUTORELEASING = YES;
				CLANG_WARN_BOOL_CONVERSION = YES;
				CLANG_WARN_COMMA = YES;
				CLANG_WARN_CONSTANT_CONVERSION = YES;
				CLANG_WARN_DEPRECATED_OBJC_IMPLEMENTATIONS = YES;
				CLANG_WARN_DIRECT_OBJC_ISA_USAGE = YES_ERROR;
				CLANG_WARN_DOCUMENTATION_COMMENTS = YES;
				CLANG_WARN_EMPTY_BODY = YES;
				CLANG_WARN_ENUM_CONVERSION = YES;
				CLANG_WARN_INFINITE_RECURSION = YES;
				CLANG_WARN_INT_CONVERSION = YES;
				CLANG_WARN_NON_LITERAL_NULL_CONVERSION = YES;
				CLANG_WARN_OBJC_IMPLICIT_RETAIN_SELF = YES;
				CLANG_WARN_OBJC_LITERAL_CONVERSION = YES;
				CLANG_WARN_OBJC_ROOT_CLASS = YES_ERROR;
				CLANG_WARN_RANGE_LOOP_ANALYSIS = YES;
				CLANG_WARN_STRICT_PROTOTYPES = YES;
				CLANG_WARN_SUSPICIOUS_MOVE = YES;
				CLANG_WARN_UNREACHABLE_CODE = YES;
				CLANG_WARN__DUPLICATE_METHOD_MATCH = YES;
				COPY_PHASE_STRIP = NO;
				DEBUG_INFORMATION_FORMAT = dwarf;
				ENABLE_STRICT_OBJC_MSGSEND = YES;
				ENABLE_TESTABILITY = YES;
				GCC_C_LANGUAGE_STANDARD = gnu99;
				GCC_DYNAMIC_NO_PIC = NO;
				GCC_NO_COMMON_BLOCKS = YES;
				GCC_OPTIMIZATION_LEVEL = 0;
				GCC_PREPROCESSOR_DEFINITIONS = (
					"DEBUG=1",
					"$(inherited)",
				);
				GCC_WARN_64_TO_32_BIT_CONVERSION = YES;
				GCC_WARN_ABOUT_RETURN_TYPE = YES_ERROR;
				GCC_WARN_UNDECLARED_SELECTOR = YES;
				GCC_WARN_UNINITIALIZED_AUTOS = YES_AGGRESSIVE;
				GCC_WARN_UNUSED_FUNCTION = YES;
				GCC_WARN_UNUSED_VARIABLE = YES;
				MTL_ENABLE_DEBUG_INFO = YES;
				ONLY_ACTIVE_ARCH = YES;
			};
			name = Debug;
		};
		690E9C2E1EB3995A00326680 /* Release */ = {
			isa = XCBuildConfiguration;
			buildSettings = {
				ALWAYS_SEARCH_USER_PATHS = NO;
				CLANG_ANALYZER_NONNULL = YES;
				CLANG_CXX_LANGUAGE_STANDARD = "gnu++0x";
				CLANG_CXX_LIBRARY = "libc++";
				CLANG_ENABLE_MODULES = YES;
				CLANG_ENABLE_OBJC_ARC = YES;
				CLANG_WARN_BLOCK_CAPTURE_AUTORELEASING = YES;
				CLANG_WARN_BOOL_CONVERSION = YES;
				CLANG_WARN_COMMA = YES;
				CLANG_WARN_CONSTANT_CONVERSION = YES;
				CLANG_WARN_DEPRECATED_OBJC_IMPLEMENTATIONS = YES;
				CLANG_WARN_DIRECT_OBJC_ISA_USAGE = YES_ERROR;
				CLANG_WARN_DOCUMENTATION_COMMENTS = YES;
				CLANG_WARN_EMPTY_BODY = YES;
				CLANG_WARN_ENUM_CONVERSION = YES;
				CLANG_WARN_INFINITE_RECURSION = YES;
				CLANG_WARN_INT_CONVERSION = YES;
				CLANG_WARN_NON_LITERAL_NULL_CONVERSION = YES;
				CLANG_WARN_OBJC_IMPLICIT_RETAIN_SELF = YES;
				CLANG_WARN_OBJC_LITERAL_CONVERSION = YES;
				CLANG_WARN_OBJC_ROOT_CLASS = YES_ERROR;
				CLANG_WARN_RANGE_LOOP_ANALYSIS = YES;
				CLANG_WARN_STRICT_PROTOTYPES = YES;
				CLANG_WARN_SUSPICIOUS_MOVE = YES;
				CLANG_WARN_UNREACHABLE_CODE = YES;
				CLANG_WARN__DUPLICATE_METHOD_MATCH = YES;
				COPY_PHASE_STRIP = NO;
				DEBUG_INFORMATION_FORMAT = "dwarf-with-dsym";
				ENABLE_NS_ASSERTIONS = NO;
				ENABLE_STRICT_OBJC_MSGSEND = YES;
				GCC_C_LANGUAGE_STANDARD = gnu99;
				GCC_NO_COMMON_BLOCKS = YES;
				GCC_WARN_64_TO_32_BIT_CONVERSION = YES;
				GCC_WARN_ABOUT_RETURN_TYPE = YES_ERROR;
				GCC_WARN_UNDECLARED_SELECTOR = YES;
				GCC_WARN_UNINITIALIZED_AUTOS = YES_AGGRESSIVE;
				GCC_WARN_UNUSED_FUNCTION = YES;
				GCC_WARN_UNUSED_VARIABLE = YES;
				MTL_ENABLE_DEBUG_INFO = NO;
			};
			name = Release;
		};
		690E9C301EB3995A00326680 /* Debug */ = {
			isa = XCBuildConfiguration;
			buildSettings = {
				DEBUGGING_SYMBOLS = YES;
				DEBUG_INFORMATION_FORMAT = dwarf;
				GCC_GENERATE_DEBUGGING_SYMBOLS = YES;
				GCC_OPTIMIZATION_LEVEL = 0;
				OTHER_CFLAGS = "";
				OTHER_LDFLAGS = "";
				PRODUCT_NAME = "$(TARGET_NAME)";
			};
			name = Debug;
		};
		690E9C311EB3995A00326680 /* Release */ = {
			isa = XCBuildConfiguration;
			buildSettings = {
				DEBUG_INFORMATION_FORMAT = "dwarf-with-dsym";
				OTHER_CFLAGS = "";
				OTHER_LDFLAGS = "";
				PRODUCT_NAME = "$(TARGET_NAME)";
			};
			name = Release;
		};
/* End XCBuildConfiguration section */

/* Begin XCConfigurationList section */
		690E9C2B1EB3995A00326680 /* Build configuration list for PBXProject "MDW2" */ = {
			isa = XCConfigurationList;
			buildConfigurations = (
				690E9C2D1EB3995A00326680 /* Debug */,
				690E9C2E1EB3995A00326680 /* Release */,
			);
			defaultConfigurationIsVisible = 0;
			defaultConfigurationName = Release;
		};
		690E9C2F1EB3995A00326680 /* Build configuration list for PBXLegacyTarget "MDW2" */ = {
			isa = XCConfigurationList;
			buildConfigurations = (
				690E9C301EB3995A00326680 /* Debug */,
				690E9C311EB3995A00326680 /* Release */,
			);
			defaultConfigurationIsVisible = 0;
			defaultConfigurationName = Release;
		};
/* End XCConfigurationList section */
	};
	rootObject = 690E9C281EB3995A00326680 /* Project object */;
}
